
Microsoft Visual Studio Solution File, Format Version 12.00
# Visual Studio Version 17
VisualStudioVersion = 17.13.35818.85 d17.13
MinimumVisualStudioVersion = 10.0.40219.1
Project("{FAE04EC0-301F-11D3-BF4B-00C04F79EFBC}") = "DecoratorApp", "DecoratorApp\DecoratorApp.csproj", "{C465495A-A042-4F99-8843-65C2E3DA375E}"
EndProject
Global
	GlobalSection(SolutionConfigurationPlatforms) = preSolution
		Debug|Any CPU = Debug|Any CPU
		Release|Any CPU = Release|Any CPU
	EndGlobalSection
	GlobalSection(ProjectConfigurationPlatforms) = postSolution
		{C465495A-A042-4F99-8843-65C2E3DA375E}.Debug|Any CPU.ActiveCfg = Debug|Any CPU
		{C465495A-A042-4F99-8843-65C2E3DA375E}.Debug|Any CPU.Build.0 = Debug|Any CPU
		{C465495A-A042-4F99-8843-65C2E3DA375E}.Release|Any CPU.ActiveCfg = Release|Any CPU
		{C465495A-A042-4F99-8843-65C2E3DA375E}.Release|Any CPU.Build.0 = Release|Any CPU
	EndGlobalSection
	GlobalSection(SolutionProperties) = preSolution
		HideSolutionNode = FALSE
	EndGlobalSection
	GlobalSection(ExtensibilityGlobals) = postSolution
		SolutionGuid = {8F3731DC-D8EC-4327-B4FC-9B7074C0304A}
	EndGlobalSection
EndGlobal
